{
	"name": "@kzui/core",
	"version": "0.3.52",
	"lockfileVersion": 1,
	"requires": true,
	"dependencies": {
		"classnames": {
			"version": "2.2.6",
			"resolved": "http://registry.npm.taobao.org/classnames/download/classnames-2.2.6.tgz",
			"integrity": "sha1-Q5Nb/90pHzJtrQogUwmzjQD2UM4="
		},
		"immer": {
			"version": "9.0.1",
			"resolved": "https://registry.npmjs.org/immer/-/immer-9.0.1.tgz",
			"integrity": "sha512-7CCw1DSgr8kKYXTYOI1qMM/f5qxT5vIVMeGLDCDX8CSxsggr1Sjdoha4OhsP0AZ1UvWbyZlILHvLjaynuu02Mg=="
		}
	}
}
