{
	"name": "@kzui/core",
	"version": "0.2.5",
	"lockfileVersion": 1,
	"requires": true,
	"dependencies": {
		"@kzui/font": {
			"version": "0.2.4",
			"resolved": "https://registry.npmjs.org/@kzui/font/-/font-0.2.4.tgz",
			"integrity": "sha512-US673C7+F2wj2aQOIL1r+Eac/45affOS3T3OExc9TeC5Tmmbl3ThePalea+l9T2/LQ1L8dpUkH1wGq8sZ/eFvg=="
		},
		"@kzui/hooks": {
			"version": "0.2.5",
			"resolved": "https://registry.npmjs.org/@kzui/hooks/-/hooks-0.2.5.tgz",
			"integrity": "sha512-GmwMWzyQGWnVt4+3mRSOv0po2WhwhsPVH+jBFGhALBJaU7G17946iBLkh1EIdj0FdUhlCKeB21IS26u/V6HSfQ=="
		},
		"@kzui/utils": {
			"version": "0.2.4",
			"resolved": "https://registry.npmjs.org/@kzui/utils/-/utils-0.2.4.tgz",
			"integrity": "sha512-ymRVLfcDl+9US9IIKJ4AxLp1pzYhZJlpx79RXBZRev99HDSROzmTBkLi0ZX5DLX+PL2yOOkoSubi/c42pvzMSQ=="
		},
		"classnames": {
			"version": "2.2.6",
			"resolved": "http://registry.npm.taobao.org/classnames/download/classnames-2.2.6.tgz",
			"integrity": "sha1-Q5Nb/90pHzJtrQogUwmzjQD2UM4="
		}
	}
}
