{
	"name": "@kzui/core",
	"version": "0.3.61",
	"lockfileVersion": 1,
	"requires": true,
	"dependencies": {
		"@kzui/font": {
			"version": "0.3.1",
			"resolved": "https://registry.npmjs.org/@kzui/font/-/font-0.3.1.tgz",
			"integrity": "sha512-DQXjlFGdJWTfaTcU38nM6DoRNF5yV2x8d/m7DGn44VME2mxp5qpmsibhekwB6CSBSM0AlwZ3Ep+Uu4ZvYXOVOw=="
		},
		"@kzui/hooks": {
			"version": "0.3.49",
			"resolved": "https://registry.npmjs.org/@kzui/hooks/-/hooks-0.3.49.tgz",
			"integrity": "sha512-bbGw+qrSvzu+ygd8KubzMerI2SJvxoG/hcF/eZPDJkfucN/HZg6IpIkvjUb4qM0Syf2GyUk2px0Sjto2u+hw0A=="
		},
		"@kzui/utils": {
			"version": "0.3.29",
			"resolved": "https://registry.npmjs.org/@kzui/utils/-/utils-0.3.29.tgz",
			"integrity": "sha512-4TKNakNvrovwFeHXH70foeyTW3qqtPOXZkb13w9SLLctu0u62Nez0/UBCoDbRoJVeDgokvFiWXflsDcsEtvyzw=="
		},
		"classnames": {
			"version": "2.2.6",
			"resolved": "http://registry.npm.taobao.org/classnames/download/classnames-2.2.6.tgz",
			"integrity": "sha1-Q5Nb/90pHzJtrQogUwmzjQD2UM4="
		},
		"immer": {
			"version": "9.0.6",
			"resolved": "https://registry.npmjs.org/immer/-/immer-9.0.6.tgz",
			"integrity": "sha512-G95ivKpy+EvVAnAab4fVa4YGYn24J1SpEktnJX7JJ45Bd7xqME/SCplFzYFmTbrkwZbQ4xJK1xMTUYBkN6pWsQ=="
		}
	}
}
